
Microsoft Visual Studio Solution File, Format Version 12.00
# Visual Studio 15
VisualStudioVersion = 15.0.28307.136
MinimumVisualStudioVersion = 10.0.40219.1
Project("{FAE04EC0-301F-11D3-BF4B-00C04F79EFBC}") = "Grouping_Sample.Android", "Grouping_Sample\Grouping_Sample.Android\Grouping_Sample.Android.csproj", "{FEE96185-047F-425D-9FC7-85B6D50E5838}"
EndProject
Project("{FAE04EC0-301F-11D3-BF4B-00C04F79EFBC}") = "Grouping_Sample.iOS", "Grouping_Sample\Grouping_Sample.iOS\Grouping_Sample.iOS.csproj", "{FBB55103-498D-4928-AF7C-11537C545E55}"
EndProject
Project("{FAE04EC0-301F-11D3-BF4B-00C04F79EFBC}") = "Grouping_Sample.UWP", "Grouping_Sample\Grouping_Sample.UWP\Grouping_Sample.UWP.csproj", "{FC5F2E38-78D6-4D92-AC9B-9ADECD74BA92}"
EndProject
Project("{FAE04EC0-301F-11D3-BF4B-00C04F79EFBC}") = "Grouping_Sample", "Grouping_Sample\Grouping_Sample\Grouping_Sample.csproj", "{5D6498A0-0CFE-4AB6-A7F3-A7849D980D7C}"
EndProject
Global
	GlobalSection(SolutionConfigurationPlatforms) = preSolution
		Ad-Hoc|Any CPU = Ad-Hoc|Any CPU
		Ad-Hoc|ARM = Ad-Hoc|ARM
		Ad-Hoc|iPhone = Ad-Hoc|iPhone
		Ad-Hoc|iPhoneSimulator = Ad-Hoc|iPhoneSimulator
		Ad-Hoc|x64 = Ad-Hoc|x64
		Ad-Hoc|x86 = Ad-Hoc|x86
		AppStore|Any CPU = AppStore|Any CPU
		AppStore|ARM = AppStore|ARM
		AppStore|iPhone = AppStore|iPhone
		AppStore|iPhoneSimulator = AppStore|iPhoneSimulator
		AppStore|x64 = AppStore|x64
		AppStore|x86 = AppStore|x86
		Debug|Any CPU = Debug|Any CPU
		Debug|ARM = Debug|ARM
		Debug|iPhone = Debug|iPhone
		Debug|iPhoneSimulator = Debug|iPhoneSimulator
		Debug|x64 = Debug|x64
		Debug|x86 = Debug|x86
		Release|Any CPU = Release|Any CPU
		Release|ARM = Release|ARM
		Release|iPhone = Release|iPhone
		Release|iPhoneSimulator = Release|iPhoneSimulator
		Release|x64 = Release|x64
		Release|x86 = Release|x86
	EndGlobalSection
	GlobalSection(ProjectConfigurationPlatforms) = postSolution
		{FEE96185-047F-425D-9FC7-85B6D50E5838}.Ad-Hoc|Any CPU.ActiveCfg = Release|Any CPU
		{FEE96185-047F-425D-9FC7-85B6D50E5838}.Ad-Hoc|Any CPU.Build.0 = Release|Any CPU
		{FEE96185-047F-425D-9FC7-85B6D50E5838}.Ad-Hoc|Any CPU.Deploy.0 = Release|Any CPU
		{FEE96185-047F-425D-9FC7-85B6D50E5838}.Ad-Hoc|ARM.ActiveCfg = Release|Any CPU
		{FEE96185-047F-425D-9FC7-85B6D50E5838}.Ad-Hoc|ARM.Build.0 = Release|Any CPU
		{FEE96185-047F-425D-9FC7-85B6D50E5838}.Ad-Hoc|ARM.Deploy.0 = Release|Any CPU
		{FEE96185-047F-425D-9FC7-85B6D50E5838}.Ad-Hoc|iPhone.ActiveCfg = Release|Any CPU
		{FEE96185-047F-425D-9FC7-85B6D50E5838}.Ad-Hoc|iPhone.Build.0 = Release|Any CPU
		{FEE96185-047F-425D-9FC7-85B6D50E5838}.Ad-Hoc|iPhone.Deploy.0 = Release|Any CPU
		{FEE96185-047F-425D-9FC7-85B6D50E5838}.Ad-Hoc|iPhoneSimulator.ActiveCfg = Release|Any CPU
		{FEE96185-047F-425D-9FC7-85B6D50E5838}.Ad-Hoc|iPhoneSimulator.Build.0 = Release|Any CPU
		{FEE96185-047F-425D-9FC7-85B6D50E5838}.Ad-Hoc|iPhoneSimulator.Deploy.0 = Release|Any CPU
		{FEE96185-047F-425D-9FC7-85B6D50E5838}.Ad-Hoc|x64.ActiveCfg = Release|Any CPU
		{FEE96185-047F-425D-9FC7-85B6D50E5838}.Ad-Hoc|x64.Build.0 = Release|Any CPU
		{FEE96185-047F-425D-9FC7-85B6D50E5838}.Ad-Hoc|x64.Deploy.0 = Release|Any CPU
		{FEE96185-047F-425D-9FC7-85B6D50E5838}.Ad-Hoc|x86.ActiveCfg = Release|Any CPU
		{FEE96185-047F-425D-9FC7-85B6D50E5838}.Ad-Hoc|x86.Build.0 = Release|Any CPU
		{FEE96185-047F-425D-9FC7-85B6D50E5838}.Ad-Hoc|x86.Deploy.0 = Release|Any CPU
		{FEE96185-047F-425D-9FC7-85B6D50E5838}.AppStore|Any CPU.ActiveCfg = Release|Any CPU
		{FEE96185-047F-425D-9FC7-85B6D50E5838}.AppStore|Any CPU.Build.0 = Release|Any CPU
		{FEE96185-047F-425D-9FC7-85B6D50E5838}.AppStore|Any CPU.Deploy.0 = Release|Any CPU
		{FEE96185-047F-425D-9FC7-85B6D50E5838}.AppStore|ARM.ActiveCfg = Release|Any CPU
		{FEE96185-047F-425D-9FC7-85B6D50E5838}.AppStore|ARM.Build.0 = Release|Any CPU
		{FEE96185-047F-425D-9FC7-85B6D50E5838}.AppStore|ARM.Deploy.0 = Release|Any CPU
		{FEE96185-047F-425D-9FC7-85B6D50E5838}.AppStore|iPhone.ActiveCfg = Release|Any CPU
		{FEE96185-047F-425D-9FC7-85B6D50E5838}.AppStore|iPhone.Build.0 = Release|Any CPU
		{FEE96185-047F-425D-9FC7-85B6D50E5838}.AppStore|iPhone.Deploy.0 = Release|Any CPU
		{FEE96185-047F-425D-9FC7-85B6D50E5838}.AppStore|iPhoneSimulator.ActiveCfg = Release|Any CPU
		{FEE96185-047F-425D-9FC7-85B6D50E5838}.AppStore|iPhoneSimulator.Build.0 = Release|Any CPU
		{FEE96185-047F-425D-9FC7-85B6D50E5838}.AppStore|iPhoneSimulator.Deploy.0 = Release|Any CPU
		{FEE96185-047F-425D-9FC7-85B6D50E5838}.AppStore|x64.ActiveCfg = Release|Any CPU
		{FEE96185-047F-425D-9FC7-85B6D50E5838}.AppStore|x64.Build.0 = Release|Any CPU
		{FEE96185-047F-425D-9FC7-85B6D50E5838}.AppStore|x64.Deploy.0 = Release|Any CPU
		{FEE96185-047F-425D-9FC7-85B6D50E5838}.AppStore|x86.ActiveCfg = Release|Any CPU
		{FEE96185-047F-425D-9FC7-85B6D50E5838}.AppStore|x86.Build.0 = Release|Any CPU
		{FEE96185-047F-425D-9FC7-85B6D50E5838}.AppStore|x86.Deploy.0 = Release|Any CPU
		{FEE96185-047F-425D-9FC7-85B6D50E5838}.Debug|Any CPU.ActiveCfg = Debug|Any CPU
		{FEE96185-047F-425D-9FC7-85B6D50E5838}.Debug|Any CPU.Build.0 = Debug|Any CPU
		{FEE96185-047F-425D-9FC7-85B6D50E5838}.Debug|Any CPU.Deploy.0 = Debug|Any CPU
		{FEE96185-047F-425D-9FC7-85B6D50E5838}.Debug|ARM.ActiveCfg = Debug|Any CPU
		{FEE96185-047F-425D-9FC7-85B6D50E5838}.Debug|ARM.Build.0 = Debug|Any CPU
		{FEE96185-047F-425D-9FC7-85B6D50E5838}.Debug|ARM.Deploy.0 = Debug|Any CPU
		{FEE96185-047F-425D-9FC7-85B6D50E5838}.Debug|iPhone.ActiveCfg = Debug|Any CPU
		{FEE96185-047F-425D-9FC7-85B6D50E5838}.Debug|iPhone.Build.0 = Debug|Any CPU
		{FEE96185-047F-425D-9FC7-85B6D50E5838}.Debug|iPhone.Deploy.0 = Debug|Any CPU
		{FEE96185-047F-425D-9FC7-85B6D50E5838}.Debug|iPhoneSimulator.ActiveCfg = Debug|Any CPU
		{FEE96185-047F-425D-9FC7-85B6D50E5838}.Debug|iPhoneSimulator.Build.0 = Debug|Any CPU
		{FEE96185-047F-425D-9FC7-85B6D50E5838}.Debug|iPhoneSimulator.Deploy.0 = Debug|Any CPU
		{FEE96185-047F-425D-9FC7-85B6D50E5838}.Debug|x64.ActiveCfg = Debug|Any CPU
		{FEE96185-047F-425D-9FC7-85B6D50E5838}.Debug|x64.Build.0 = Debug|Any CPU
		{FEE96185-047F-425D-9FC7-85B6D50E5838}.Debug|x64.Deploy.0 = Debug|Any CPU
		{FEE96185-047F-425D-9FC7-85B6D50E5838}.Debug|x86.ActiveCfg = Debug|Any CPU
		{FEE96185-047F-425D-9FC7-85B6D50E5838}.Debug|x86.Build.0 = Debug|Any CPU
		{FEE96185-047F-425D-9FC7-85B6D50E5838}.Debug|x86.Deploy.0 = Debug|Any CPU
		{FEE96185-047F-425D-9FC7-85B6D50E5838}.Release|Any CPU.ActiveCfg = Release|Any CPU
		{FEE96185-047F-425D-9FC7-85B6D50E5838}.Release|Any CPU.Build.0 = Release|Any CPU
		{FEE96185-047F-425D-9FC7-85B6D50E5838}.Release|Any CPU.Deploy.0 = Release|Any CPU
		{FEE96185-047F-425D-9FC7-85B6D50E5838}.Release|ARM.ActiveCfg = Release|Any CPU
		{FEE96185-047F-425D-9FC7-85B6D50E5838}.Release|ARM.Build.0 = Release|Any CPU
		{FEE96185-047F-425D-9FC7-85B6D50E5838}.Release|ARM.Deploy.0 = Release|Any CPU
		{FEE96185-047F-425D-9FC7-85B6D50E5838}.Release|iPhone.ActiveCfg = Release|Any CPU
		{FEE96185-047F-425D-9FC7-85B6D50E5838}.Release|iPhone.Build.0 = Release|Any CPU
		{FEE96185-047F-425D-9FC7-85B6D50E5838}.Release|iPhone.Deploy.0 = Release|Any CPU
		{FEE96185-047F-425D-9FC7-85B6D50E5838}.Release|iPhoneSimulator.ActiveCfg = Release|Any CPU
		{FEE96185-047F-425D-9FC7-85B6D50E5838}.Release|iPhoneSimulator.Build.0 = Release|Any CPU
		{FEE96185-047F-425D-9FC7-85B6D50E5838}.Release|iPhoneSimulator.Deploy.0 = Release|Any CPU
		{FEE96185-047F-425D-9FC7-85B6D50E5838}.Release|x64.ActiveCfg = Release|Any CPU
		{FEE96185-047F-425D-9FC7-85B6D50E5838}.Release|x64.Build.0 = Release|Any CPU
		{FEE96185-047F-425D-9FC7-85B6D50E5838}.Release|x64.Deploy.0 = Release|Any CPU
		{FEE96185-047F-425D-9FC7-85B6D50E5838}.Release|x86.ActiveCfg = Release|Any CPU
		{FEE96185-047F-425D-9FC7-85B6D50E5838}.Release|x86.Build.0 = Release|Any CPU
		{FEE96185-047F-425D-9FC7-85B6D50E5838}.Release|x86.Deploy.0 = Release|Any CPU
		{FBB55103-498D-4928-AF7C-11537C545E55}.Ad-Hoc|Any CPU.ActiveCfg = Ad-Hoc|iPhone
		{FBB55103-498D-4928-AF7C-11537C545E55}.Ad-Hoc|Any CPU.Build.0 = Ad-Hoc|iPhone
		{FBB55103-498D-4928-AF7C-11537C545E55}.Ad-Hoc|Any CPU.Deploy.0 = Ad-Hoc|iPhone
		{FBB55103-498D-4928-AF7C-11537C545E55}.Ad-Hoc|ARM.ActiveCfg = Ad-Hoc|iPhone
		{FBB55103-498D-4928-AF7C-11537C545E55}.Ad-Hoc|ARM.Build.0 = Ad-Hoc|iPhone
		{FBB55103-498D-4928-AF7C-11537C545E55}.Ad-Hoc|ARM.Deploy.0 = Ad-Hoc|iPhone
		{FBB55103-498D-4928-AF7C-11537C545E55}.Ad-Hoc|iPhone.ActiveCfg = Ad-Hoc|iPhone
		{FBB55103-498D-4928-AF7C-11537C545E55}.Ad-Hoc|iPhone.Build.0 = Ad-Hoc|iPhone
		{FBB55103-498D-4928-AF7C-11537C545E55}.Ad-Hoc|iPhone.Deploy.0 = Ad-Hoc|iPhone
		{FBB55103-498D-4928-AF7C-11537C545E55}.Ad-Hoc|iPhoneSimulator.ActiveCfg = Ad-Hoc|iPhoneSimulator
		{FBB55103-498D-4928-AF7C-11537C545E55}.Ad-Hoc|iPhoneSimulator.Build.0 = Ad-Hoc|iPhoneSimulator
		{FBB55103-498D-4928-AF7C-11537C545E55}.Ad-Hoc|iPhoneSimulator.Deploy.0 = Ad-Hoc|iPhoneSimulator
		{FBB55103-498D-4928-AF7C-11537C545E55}.Ad-Hoc|x64.ActiveCfg = Ad-Hoc|iPhone
		{FBB55103-498D-4928-AF7C-11537C545E55}.Ad-Hoc|x64.Build.0 = Ad-Hoc|iPhone
		{FBB55103-498D-4928-AF7C-11537C545E55}.Ad-Hoc|x64.Deploy.0 = Ad-Hoc|iPhone
		{FBB55103-498D-4928-AF7C-11537C545E55}.Ad-Hoc|x86.ActiveCfg = Ad-Hoc|iPhone
		{FBB55103-498D-4928-AF7C-11537C545E55}.Ad-Hoc|x86.Build.0 = Ad-Hoc|iPhone
		{FBB55103-498D-4928-AF7C-11537C545E55}.Ad-Hoc|x86.Deploy.0 = Ad-Hoc|iPhone
		{FBB55103-498D-4928-AF7C-11537C545E55}.AppStore|Any CPU.ActiveCfg = AppStore|iPhone
		{FBB55103-498D-4928-AF7C-11537C545E55}.AppStore|Any CPU.Build.0 = AppStore|iPhone
		{FBB55103-498D-4928-AF7C-11537C545E55}.AppStore|Any CPU.Deploy.0 = AppStore|iPhone
		{FBB55103-498D-4928-AF7C-11537C545E55}.AppStore|ARM.ActiveCfg = AppStore|iPhone
		{FBB55103-498D-4928-AF7C-11537C545E55}.AppStore|ARM.Build.0 = AppStore|iPhone
		{FBB55103-498D-4928-AF7C-11537C545E55}.AppStore|ARM.Deploy.0 = AppStore|iPhone
		{FBB55103-498D-4928-AF7C-11537C545E55}.AppStore|iPhone.ActiveCfg = AppStore|iPhone
		{FBB55103-498D-4928-AF7C-11537C545E55}.AppStore|iPhone.Build.0 = AppStore|iPhone
		{FBB55103-498D-4928-AF7C-11537C545E55}.AppStore|iPhone.Deploy.0 = AppStore|iPhone
		{FBB55103-498D-4928-AF7C-11537C545E55}.AppStore|iPhoneSimulator.ActiveCfg = AppStore|iPhoneSimulator
		{FBB55103-498D-4928-AF7C-11537C545E55}.AppStore|iPhoneSimulator.Build.0 = AppStore|iPhoneSimulator
		{FBB55103-498D-4928-AF7C-11537C545E55}.AppStore|iPhoneSimulator.Deploy.0 = AppStore|iPhoneSimulator
		{FBB55103-498D-4928-AF7C-11537C545E55}.AppStore|x64.ActiveCfg = AppStore|iPhone
		{FBB55103-498D-4928-AF7C-11537C545E55}.AppStore|x64.Build.0 = AppStore|iPhone
		{FBB55103-498D-4928-AF7C-11537C545E55}.AppStore|x64.Deploy.0 = AppStore|iPhone
		{FBB55103-498D-4928-AF7C-11537C545E55}.AppStore|x86.ActiveCfg = AppStore|iPhone
		{FBB55103-498D-4928-AF7C-11537C545E55}.AppStore|x86.Build.0 = AppStore|iPhone
		{FBB55103-498D-4928-AF7C-11537C545E55}.AppStore|x86.Deploy.0 = AppStore|iPhone
		{FBB55103-498D-4928-AF7C-11537C545E55}.Debug|Any CPU.ActiveCfg = Debug|iPhoneSimulator
		{FBB55103-498D-4928-AF7C-11537C545E55}.Debug|Any CPU.Build.0 = Debug|iPhoneSimulator
		{FBB55103-498D-4928-AF7C-11537C545E55}.Debug|Any CPU.Deploy.0 = Debug|iPhoneSimulator
		{FBB55103-498D-4928-AF7C-11537C545E55}.Debug|ARM.ActiveCfg = Debug|iPhone
		{FBB55103-498D-4928-AF7C-11537C545E55}.Debug|ARM.Build.0 = Debug|iPhone
		{FBB55103-498D-4928-AF7C-11537C545E55}.Debug|ARM.Deploy.0 = Debug|iPhone
		{FBB55103-498D-4928-AF7C-11537C545E55}.Debug|iPhone.ActiveCfg = Debug|iPhone
		{FBB55103-498D-4928-AF7C-11537C545E55}.Debug|iPhone.Build.0 = Debug|iPhone
		{FBB55103-498D-4928-AF7C-11537C545E55}.Debug|iPhone.Deploy.0 = Debug|iPhone
		{FBB55103-498D-4928-AF7C-11537C545E55}.Debug|iPhoneSimulator.ActiveCfg = Debug|iPhoneSimulator
		{FBB55103-498D-4928-AF7C-11537C545E55}.Debug|iPhoneSimulator.Build.0 = Debug|iPhoneSimulator
		{FBB55103-498D-4928-AF7C-11537C545E55}.Debug|iPhoneSimulator.Deploy.0 = Debug|iPhoneSimulator
		{FBB55103-498D-4928-AF7C-11537C545E55}.Debug|x64.ActiveCfg = Debug|iPhone
		{FBB55103-498D-4928-AF7C-11537C545E55}.Debug|x64.Build.0 = Debug|iPhone
		{FBB55103-498D-4928-AF7C-11537C545E55}.Debug|x64.Deploy.0 = Debug|iPhone
		{FBB55103-498D-4928-AF7C-11537C545E55}.Debug|x86.ActiveCfg = Debug|iPhone
		{FBB55103-498D-4928-AF7C-11537C545E55}.Debug|x86.Build.0 = Debug|iPhone
		{FBB55103-498D-4928-AF7C-11537C545E55}.Debug|x86.Deploy.0 = Debug|iPhone
		{FBB55103-498D-4928-AF7C-11537C545E55}.Release|Any CPU.ActiveCfg = Release|iPhone
		{FBB55103-498D-4928-AF7C-11537C545E55}.Release|Any CPU.Build.0 = Release|iPhone
		{FBB55103-498D-4928-AF7C-11537C545E55}.Release|Any CPU.Deploy.0 = Release|iPhone
		{FBB55103-498D-4928-AF7C-11537C545E55}.Release|ARM.ActiveCfg = Release|iPhone
		{FBB55103-498D-4928-AF7C-11537C545E55}.Release|ARM.Build.0 = Release|iPhone
		{FBB55103-498D-4928-AF7C-11537C545E55}.Release|ARM.Deploy.0 = Release|iPhone
		{FBB55103-498D-4928-AF7C-11537C545E55}.Release|iPhone.ActiveCfg = Release|iPhone
		{FBB55103-498D-4928-AF7C-11537C545E55}.Release|iPhone.Build.0 = Release|iPhone
		{FBB55103-498D-4928-AF7C-11537C545E55}.Release|iPhone.Deploy.0 = Release|iPhone
		{FBB55103-498D-4928-AF7C-11537C545E55}.Release|iPhoneSimulator.ActiveCfg = Release|iPhoneSimulator
		{FBB55103-498D-4928-AF7C-11537C545E55}.Release|iPhoneSimulator.Build.0 = Release|iPhoneSimulator
		{FBB55103-498D-4928-AF7C-11537C545E55}.Release|iPhoneSimulator.Deploy.0 = Release|iPhoneSimulator
		{FBB55103-498D-4928-AF7C-11537C545E55}.Release|x64.ActiveCfg = Release|iPhone
		{FBB55103-498D-4928-AF7C-11537C545E55}.Release|x64.Build.0 = Release|iPhone
		{FBB55103-498D-4928-AF7C-11537C545E55}.Release|x64.Deploy.0 = Release|iPhone
		{FBB55103-498D-4928-AF7C-11537C545E55}.Release|x86.ActiveCfg = Release|iPhone
		{FBB55103-498D-4928-AF7C-11537C545E55}.Release|x86.Build.0 = Release|iPhone
		{FBB55103-498D-4928-AF7C-11537C545E55}.Release|x86.Deploy.0 = Release|iPhone
		{FC5F2E38-78D6-4D92-AC9B-9ADECD74BA92}.Ad-Hoc|Any CPU.ActiveCfg = Release|x86
		{FC5F2E38-78D6-4D92-AC9B-9ADECD74BA92}.Ad-Hoc|Any CPU.Build.0 = Release|x86
		{FC5F2E38-78D6-4D92-AC9B-9ADECD74BA92}.Ad-Hoc|Any CPU.Deploy.0 = Release|x86
		{FC5F2E38-78D6-4D92-AC9B-9ADECD74BA92}.Ad-Hoc|ARM.ActiveCfg = Release|ARM
		{FC5F2E38-78D6-4D92-AC9B-9ADECD74BA92}.Ad-Hoc|ARM.Build.0 = Release|ARM
		{FC5F2E38-78D6-4D92-AC9B-9ADECD74BA92}.Ad-Hoc|ARM.Deploy.0 = Release|ARM
		{FC5F2E38-78D6-4D92-AC9B-9ADECD74BA92}.Ad-Hoc|iPhone.ActiveCfg = Release|x86
		{FC5F2E38-78D6-4D92-AC9B-9ADECD74BA92}.Ad-Hoc|iPhone.Build.0 = Release|x86
		{FC5F2E38-78D6-4D92-AC9B-9ADECD74BA92}.Ad-Hoc|iPhone.Deploy.0 = Release|x86
		{FC5F2E38-78D6-4D92-AC9B-9ADECD74BA92}.Ad-Hoc|iPhoneSimulator.ActiveCfg = Release|x86
		{FC5F2E38-78D6-4D92-AC9B-9ADECD74BA92}.Ad-Hoc|iPhoneSimulator.Build.0 = Release|x86
		{FC5F2E38-78D6-4D92-AC9B-9ADECD74BA92}.Ad-Hoc|iPhoneSimulator.Deploy.0 = Release|x86
		{FC5F2E38-78D6-4D92-AC9B-9ADECD74BA92}.Ad-Hoc|x64.ActiveCfg = Release|x64
		{FC5F2E38-78D6-4D92-AC9B-9ADECD74BA92}.Ad-Hoc|x64.Build.0 = Release|x64
		{FC5F2E38-78D6-4D92-AC9B-9ADECD74BA92}.Ad-Hoc|x64.Deploy.0 = Release|x64
		{FC5F2E38-78D6-4D92-AC9B-9ADECD74BA92}.Ad-Hoc|x86.ActiveCfg = Release|x86
		{FC5F2E38-78D6-4D92-AC9B-9ADECD74BA92}.Ad-Hoc|x86.Build.0 = Release|x86
		{FC5F2E38-78D6-4D92-AC9B-9ADECD74BA92}.Ad-Hoc|x86.Deploy.0 = Release|x86
		{FC5F2E38-78D6-4D92-AC9B-9ADECD74BA92}.AppStore|Any CPU.ActiveCfg = Release|x86
		{FC5F2E38-78D6-4D92-AC9B-9ADECD74BA92}.AppStore|Any CPU.Build.0 = Release|x86
		{FC5F2E38-78D6-4D92-AC9B-9ADECD74BA92}.AppStore|Any CPU.Deploy.0 = Release|x86
		{FC5F2E38-78D6-4D92-AC9B-9ADECD74BA92}.AppStore|ARM.ActiveCfg = Release|ARM
		{FC5F2E38-78D6-4D92-AC9B-9ADECD74BA92}.AppStore|ARM.Build.0 = Release|ARM
		{FC5F2E38-78D6-4D92-AC9B-9ADECD74BA92}.AppStore|ARM.Deploy.0 = Release|ARM
		{FC5F2E38-78D6-4D92-AC9B-9ADECD74BA92}.AppStore|iPhone.ActiveCfg = Release|x86
		{FC5F2E38-78D6-4D92-AC9B-9ADECD74BA92}.AppStore|iPhone.Build.0 = Release|x86
		{FC5F2E38-78D6-4D92-AC9B-9ADECD74BA92}.AppStore|iPhone.Deploy.0 = Release|x86
		{FC5F2E38-78D6-4D92-AC9B-9ADECD74BA92}.AppStore|iPhoneSimulator.ActiveCfg = Release|x86
		{FC5F2E38-78D6-4D92-AC9B-9ADECD74BA92}.AppStore|iPhoneSimulator.Build.0 = Release|x86
		{FC5F2E38-78D6-4D92-AC9B-9ADECD74BA92}.AppStore|iPhoneSimulator.Deploy.0 = Release|x86
		{FC5F2E38-78D6-4D92-AC9B-9ADECD74BA92}.AppStore|x64.ActiveCfg = Release|x64
		{FC5F2E38-78D6-4D92-AC9B-9ADECD74BA92}.AppStore|x64.Build.0 = Release|x64
		{FC5F2E38-78D6-4D92-AC9B-9ADECD74BA92}.AppStore|x64.Deploy.0 = Release|x64
		{FC5F2E38-78D6-4D92-AC9B-9ADECD74BA92}.AppStore|x86.ActiveCfg = Release|x86
		{FC5F2E38-78D6-4D92-AC9B-9ADECD74BA92}.AppStore|x86.Build.0 = Release|x86
		{FC5F2E38-78D6-4D92-AC9B-9ADECD74BA92}.AppStore|x86.Deploy.0 = Release|x86
		{FC5F2E38-78D6-4D92-AC9B-9ADECD74BA92}.Debug|Any CPU.ActiveCfg = Debug|x86
		{FC5F2E38-78D6-4D92-AC9B-9ADECD74BA92}.Debug|Any CPU.Build.0 = Debug|x86
		{FC5F2E38-78D6-4D92-AC9B-9ADECD74BA92}.Debug|Any CPU.Deploy.0 = Debug|x86
		{FC5F2E38-78D6-4D92-AC9B-9ADECD74BA92}.Debug|ARM.ActiveCfg = Debug|ARM
		{FC5F2E38-78D6-4D92-AC9B-9ADECD74BA92}.Debug|ARM.Build.0 = Debug|ARM
		{FC5F2E38-78D6-4D92-AC9B-9ADECD74BA92}.Debug|ARM.Deploy.0 = Debug|ARM
		{FC5F2E38-78D6-4D92-AC9B-9ADECD74BA92}.Debug|iPhone.ActiveCfg = Debug|x86
		{FC5F2E38-78D6-4D92-AC9B-9ADECD74BA92}.Debug|iPhone.Build.0 = Debug|x86
		{FC5F2E38-78D6-4D92-AC9B-9ADECD74BA92}.Debug|iPhone.Deploy.0 = Debug|x86
		{FC5F2E38-78D6-4D92-AC9B-9ADECD74BA92}.Debug|iPhoneSimulator.ActiveCfg = Debug|x86
		{FC5F2E38-78D6-4D92-AC9B-9ADECD74BA92}.Debug|iPhoneSimulator.Build.0 = Debug|x86
		{FC5F2E38-78D6-4D92-AC9B-9ADECD74BA92}.Debug|iPhoneSimulator.Deploy.0 = Debug|x86
		{FC5F2E38-78D6-4D92-AC9B-9ADECD74BA92}.Debug|x64.ActiveCfg = Debug|x64
		{FC5F2E38-78D6-4D92-AC9B-9ADECD74BA92}.Debug|x64.Build.0 = Debug|x64
		{FC5F2E38-78D6-4D92-AC9B-9ADECD74BA92}.Debug|x64.Deploy.0 = Debug|x64
		{FC5F2E38-78D6-4D92-AC9B-9ADECD74BA92}.Debug|x86.ActiveCfg = Debug|x86
		{FC5F2E38-78D6-4D92-AC9B-9ADECD74BA92}.Debug|x86.Build.0 = Debug|x86
		{FC5F2E38-78D6-4D92-AC9B-9ADECD74BA92}.Debug|x86.Deploy.0 = Debug|x86
		{FC5F2E38-78D6-4D92-AC9B-9ADECD74BA92}.Release|Any CPU.ActiveCfg = Release|x86
		{FC5F2E38-78D6-4D92-AC9B-9ADECD74BA92}.Release|Any CPU.Build.0 = Release|x86
		{FC5F2E38-78D6-4D92-AC9B-9ADECD74BA92}.Release|Any CPU.Deploy.0 = Release|x86
		{FC5F2E38-78D6-4D92-AC9B-9ADECD74BA92}.Release|ARM.ActiveCfg = Release|ARM
		{FC5F2E38-78D6-4D92-AC9B-9ADECD74BA92}.Release|ARM.Build.0 = Release|ARM
		{FC5F2E38-78D6-4D92-AC9B-9ADECD74BA92}.Release|ARM.Deploy.0 = Release|ARM
		{FC5F2E38-78D6-4D92-AC9B-9ADECD74BA92}.Release|iPhone.ActiveCfg = Release|x86
		{FC5F2E38-78D6-4D92-AC9B-9ADECD74BA92}.Release|iPhone.Build.0 = Release|x86
		{FC5F2E38-78D6-4D92-AC9B-9ADECD74BA92}.Release|iPhone.Deploy.0 = Release|x86
		{FC5F2E38-78D6-4D92-AC9B-9ADECD74BA92}.Release|iPhoneSimulator.ActiveCfg = Release|x86
		{FC5F2E38-78D6-4D92-AC9B-9ADECD74BA92}.Release|iPhoneSimulator.Build.0 = Release|x86
		{FC5F2E38-78D6-4D92-AC9B-9ADECD74BA92}.Release|iPhoneSimulator.Deploy.0 = Release|x86
		{FC5F2E38-78D6-4D92-AC9B-9ADECD74BA92}.Release|x64.ActiveCfg = Release|x64
		{FC5F2E38-78D6-4D92-AC9B-9ADECD74BA92}.Release|x64.Build.0 = Release|x64
		{FC5F2E38-78D6-4D92-AC9B-9ADECD74BA92}.Release|x64.Deploy.0 = Release|x64
		{FC5F2E38-78D6-4D92-AC9B-9ADECD74BA92}.Release|x86.ActiveCfg = Release|x86
		{FC5F2E38-78D6-4D92-AC9B-9ADECD74BA92}.Release|x86.Build.0 = Release|x86
		{FC5F2E38-78D6-4D92-AC9B-9ADECD74BA92}.Release|x86.Deploy.0 = Release|x86
		{5D6498A0-0CFE-4AB6-A7F3-A7849D980D7C}.Ad-Hoc|Any CPU.ActiveCfg = Debug|Any CPU
		{5D6498A0-0CFE-4AB6-A7F3-A7849D980D7C}.Ad-Hoc|Any CPU.Build.0 = Debug|Any CPU
		{5D6498A0-0CFE-4AB6-A7F3-A7849D980D7C}.Ad-Hoc|Any CPU.Deploy.0 = Debug|Any CPU
		{5D6498A0-0CFE-4AB6-A7F3-A7849D980D7C}.Ad-Hoc|ARM.ActiveCfg = Debug|Any CPU
		{5D6498A0-0CFE-4AB6-A7F3-A7849D980D7C}.Ad-Hoc|ARM.Build.0 = Debug|Any CPU
		{5D6498A0-0CFE-4AB6-A7F3-A7849D980D7C}.Ad-Hoc|ARM.Deploy.0 = Debug|Any CPU
		{5D6498A0-0CFE-4AB6-A7F3-A7849D980D7C}.Ad-Hoc|iPhone.ActiveCfg = Debug|Any CPU
		{5D6498A0-0CFE-4AB6-A7F3-A7849D980D7C}.Ad-Hoc|iPhone.Build.0 = Debug|Any CPU
		{5D6498A0-0CFE-4AB6-A7F3-A7849D980D7C}.Ad-Hoc|iPhone.Deploy.0 = Debug|Any CPU
		{5D6498A0-0CFE-4AB6-A7F3-A7849D980D7C}.Ad-Hoc|iPhoneSimulator.ActiveCfg = Debug|Any CPU
		{5D6498A0-0CFE-4AB6-A7F3-A7849D980D7C}.Ad-Hoc|iPhoneSimulator.Build.0 = Debug|Any CPU
		{5D6498A0-0CFE-4AB6-A7F3-A7849D980D7C}.Ad-Hoc|iPhoneSimulator.Deploy.0 = Debug|Any CPU
		{5D6498A0-0CFE-4AB6-A7F3-A7849D980D7C}.Ad-Hoc|x64.ActiveCfg = Debug|Any CPU
		{5D6498A0-0CFE-4AB6-A7F3-A7849D980D7C}.Ad-Hoc|x64.Build.0 = Debug|Any CPU
		{5D6498A0-0CFE-4AB6-A7F3-A7849D980D7C}.Ad-Hoc|x64.Deploy.0 = Debug|Any CPU
		{5D6498A0-0CFE-4AB6-A7F3-A7849D980D7C}.Ad-Hoc|x86.ActiveCfg = Debug|Any CPU
		{5D6498A0-0CFE-4AB6-A7F3-A7849D980D7C}.Ad-Hoc|x86.Build.0 = Debug|Any CPU
		{5D6498A0-0CFE-4AB6-A7F3-A7849D980D7C}.Ad-Hoc|x86.Deploy.0 = Debug|Any CPU
		{5D6498A0-0CFE-4AB6-A7F3-A7849D980D7C}.AppStore|Any CPU.ActiveCfg = Debug|Any CPU
		{5D6498A0-0CFE-4AB6-A7F3-A7849D980D7C}.AppStore|Any CPU.Build.0 = Debug|Any CPU
		{5D6498A0-0CFE-4AB6-A7F3-A7849D980D7C}.AppStore|Any CPU.Deploy.0 = Debug|Any CPU
		{5D6498A0-0CFE-4AB6-A7F3-A7849D980D7C}.AppStore|ARM.ActiveCfg = Debug|Any CPU
		{5D6498A0-0CFE-4AB6-A7F3-A7849D980D7C}.AppStore|ARM.Build.0 = Debug|Any CPU
		{5D6498A0-0CFE-4AB6-A7F3-A7849D980D7C}.AppStore|ARM.Deploy.0 = Debug|Any CPU
		{5D6498A0-0CFE-4AB6-A7F3-A7849D980D7C}.AppStore|iPhone.ActiveCfg = Debug|Any CPU
		{5D6498A0-0CFE-4AB6-A7F3-A7849D980D7C}.AppStore|iPhone.Build.0 = Debug|Any CPU
		{5D6498A0-0CFE-4AB6-A7F3-A7849D980D7C}.AppStore|iPhone.Deploy.0 = Debug|Any CPU
		{5D6498A0-0CFE-4AB6-A7F3-A7849D980D7C}.AppStore|iPhoneSimulator.ActiveCfg = Debug|Any CPU
		{5D6498A0-0CFE-4AB6-A7F3-A7849D980D7C}.AppStore|iPhoneSimulator.Build.0 = Debug|Any CPU
		{5D6498A0-0CFE-4AB6-A7F3-A7849D980D7C}.AppStore|iPhoneSimulator.Deploy.0 = Debug|Any CPU
		{5D6498A0-0CFE-4AB6-A7F3-A7849D980D7C}.AppStore|x64.ActiveCfg = Debug|Any CPU
		{5D6498A0-0CFE-4AB6-A7F3-A7849D980D7C}.AppStore|x64.Build.0 = Debug|Any CPU
		{5D6498A0-0CFE-4AB6-A7F3-A7849D980D7C}.AppStore|x64.Deploy.0 = Debug|Any CPU
		{5D6498A0-0CFE-4AB6-A7F3-A7849D980D7C}.AppStore|x86.ActiveCfg = Debug|Any CPU
		{5D6498A0-0CFE-4AB6-A7F3-A7849D980D7C}.AppStore|x86.Build.0 = Debug|Any CPU
		{5D6498A0-0CFE-4AB6-A7F3-A7849D980D7C}.AppStore|x86.Deploy.0 = Debug|Any CPU
		{5D6498A0-0CFE-4AB6-A7F3-A7849D980D7C}.Debug|Any CPU.ActiveCfg = Debug|Any CPU
		{5D6498A0-0CFE-4AB6-A7F3-A7849D980D7C}.Debug|Any CPU.Build.0 = Debug|Any CPU
		{5D6498A0-0CFE-4AB6-A7F3-A7849D980D7C}.Debug|Any CPU.Deploy.0 = Debug|Any CPU
		{5D6498A0-0CFE-4AB6-A7F3-A7849D980D7C}.Debug|ARM.ActiveCfg = Debug|Any CPU
		{5D6498A0-0CFE-4AB6-A7F3-A7849D980D7C}.Debug|ARM.Build.0 = Debug|Any CPU
		{5D6498A0-0CFE-4AB6-A7F3-A7849D980D7C}.Debug|ARM.Deploy.0 = Debug|Any CPU
		{5D6498A0-0CFE-4AB6-A7F3-A7849D980D7C}.Debug|iPhone.ActiveCfg = Debug|Any CPU
		{5D6498A0-0CFE-4AB6-A7F3-A7849D980D7C}.Debug|iPhone.Build.0 = Debug|Any CPU
		{5D6498A0-0CFE-4AB6-A7F3-A7849D980D7C}.Debug|iPhone.Deploy.0 = Debug|Any CPU
		{5D6498A0-0CFE-4AB6-A7F3-A7849D980D7C}.Debug|iPhoneSimulator.ActiveCfg = Debug|Any CPU
		{5D6498A0-0CFE-4AB6-A7F3-A7849D980D7C}.Debug|iPhoneSimulator.Build.0 = Debug|Any CPU
		{5D6498A0-0CFE-4AB6-A7F3-A7849D980D7C}.Debug|iPhoneSimulator.Deploy.0 = Debug|Any CPU
		{5D6498A0-0CFE-4AB6-A7F3-A7849D980D7C}.Debug|x64.ActiveCfg = Debug|Any CPU
		{5D6498A0-0CFE-4AB6-A7F3-A7849D980D7C}.Debug|x64.Build.0 = Debug|Any CPU
		{5D6498A0-0CFE-4AB6-A7F3-A7849D980D7C}.Debug|x64.Deploy.0 = Debug|Any CPU
		{5D6498A0-0CFE-4AB6-A7F3-A7849D980D7C}.Debug|x86.ActiveCfg = Debug|Any CPU
		{5D6498A0-0CFE-4AB6-A7F3-A7849D980D7C}.Debug|x86.Build.0 = Debug|Any CPU
		{5D6498A0-0CFE-4AB6-A7F3-A7849D980D7C}.Debug|x86.Deploy.0 = Debug|Any CPU
		{5D6498A0-0CFE-4AB6-A7F3-A7849D980D7C}.Release|Any CPU.ActiveCfg = Release|Any CPU
		{5D6498A0-0CFE-4AB6-A7F3-A7849D980D7C}.Release|Any CPU.Build.0 = Release|Any CPU
		{5D6498A0-0CFE-4AB6-A7F3-A7849D980D7C}.Release|Any CPU.Deploy.0 = Release|Any CPU
		{5D6498A0-0CFE-4AB6-A7F3-A7849D980D7C}.Release|ARM.ActiveCfg = Release|Any CPU
		{5D6498A0-0CFE-4AB6-A7F3-A7849D980D7C}.Release|ARM.Build.0 = Release|Any CPU
		{5D6498A0-0CFE-4AB6-A7F3-A7849D980D7C}.Release|ARM.Deploy.0 = Release|Any CPU
		{5D6498A0-0CFE-4AB6-A7F3-A7849D980D7C}.Release|iPhone.ActiveCfg = Release|Any CPU
		{5D6498A0-0CFE-4AB6-A7F3-A7849D980D7C}.Release|iPhone.Build.0 = Release|Any CPU
		{5D6498A0-0CFE-4AB6-A7F3-A7849D980D7C}.Release|iPhone.Deploy.0 = Release|Any CPU
		{5D6498A0-0CFE-4AB6-A7F3-A7849D980D7C}.Release|iPhoneSimulator.ActiveCfg = Release|Any CPU
		{5D6498A0-0CFE-4AB6-A7F3-A7849D980D7C}.Release|iPhoneSimulator.Build.0 = Release|Any CPU
		{5D6498A0-0CFE-4AB6-A7F3-A7849D980D7C}.Release|iPhoneSimulator.Deploy.0 = Release|Any CPU
		{5D6498A0-0CFE-4AB6-A7F3-A7849D980D7C}.Release|x64.ActiveCfg = Release|Any CPU
		{5D6498A0-0CFE-4AB6-A7F3-A7849D980D7C}.Release|x64.Build.0 = Release|Any CPU
		{5D6498A0-0CFE-4AB6-A7F3-A7849D980D7C}.Release|x64.Deploy.0 = Release|Any CPU
		{5D6498A0-0CFE-4AB6-A7F3-A7849D980D7C}.Release|x86.ActiveCfg = Release|Any CPU
		{5D6498A0-0CFE-4AB6-A7F3-A7849D980D7C}.Release|x86.Build.0 = Release|Any CPU
		{5D6498A0-0CFE-4AB6-A7F3-A7849D980D7C}.Release|x86.Deploy.0 = Release|Any CPU
	EndGlobalSection
	GlobalSection(SolutionProperties) = preSolution
		HideSolutionNode = FALSE
	EndGlobalSection
	GlobalSection(ExtensibilityGlobals) = postSolution
		SolutionGuid = {B662F008-F94E-4868-A670-D344E63DEADF}
	EndGlobalSection
EndGlobal
